
Microsoft Visual Studio Solution File, Format Version 12.00
# Visual Studio 14
VisualStudioVersion = 14.0.25420.1
MinimumVisualStudioVersion = 10.0.40219.1
Project("{FAE04EC0-301F-11D3-BF4B-00C04F79EFBC}") = "CIAndCDTesting", "CIAndCDTesting\CIAndCDTesting.csproj", "{7AA04DF4-D16F-4747-BEC4-D60BE553BA88}"
EndProject
Project("{FAE04EC0-301F-11D3-BF4B-00C04F79EFBC}") = "CIAndCDTest.Tests", "CIAndCDTest.Tests\CIAndCDTest.Tests.csproj", "{B488CA4A-92A1-404D-915B-CBD1D9F4AFF4}"
EndProject
Global
	GlobalSection(SolutionConfigurationPlatforms) = preSolution
		Debug|Any CPU = Debug|Any CPU
		Release|Any CPU = Release|Any CPU
	EndGlobalSection
	GlobalSection(ProjectConfigurationPlatforms) = postSolution
		{7AA04DF4-D16F-4747-BEC4-D60BE553BA88}.Debug|Any CPU.ActiveCfg = Debug|Any CPU
		{7AA04DF4-D16F-4747-BEC4-D60BE553BA88}.Debug|Any CPU.Build.0 = Debug|Any CPU
		{7AA04DF4-D16F-4747-BEC4-D60BE553BA88}.Release|Any CPU.ActiveCfg = Release|Any CPU
		{7AA04DF4-D16F-4747-BEC4-D60BE553BA88}.Release|Any CPU.Build.0 = Release|Any CPU
		{B488CA4A-92A1-404D-915B-CBD1D9F4AFF4}.Debug|Any CPU.ActiveCfg = Debug|Any CPU
		{B488CA4A-92A1-404D-915B-CBD1D9F4AFF4}.Debug|Any CPU.Build.0 = Debug|Any CPU
		{B488CA4A-92A1-404D-915B-CBD1D9F4AFF4}.Release|Any CPU.ActiveCfg = Release|Any CPU
		{B488CA4A-92A1-404D-915B-CBD1D9F4AFF4}.Release|Any CPU.Build.0 = Release|Any CPU
	EndGlobalSection
	GlobalSection(SolutionProperties) = preSolution
		HideSolutionNode = FALSE
	EndGlobalSection
EndGlobal
